Microsoft Visual Studio Solution File, Format Version 12.00
# Visual Studio 2012
Project("{0234C9D4-C79D-C87B-D88C-2A28D606BD57}") = "9 Lives", "Assembly-CSharp.csproj", "{6A6DE4BC-CA8A-7A38-4F9F-1BF4AD181178}"
EndProject
Project("{0234C9D4-C79D-C87B-D88C-2A28D606BD57}") = "9 Lives", "Assembly-CSharp-Editor.csproj", "{A38BEA4D-2D2B-FA94-541F-FA07F7DD5315}"
EndProject
Global
	GlobalSection(SolutionConfigurationPlatforms) = preSolution
		Debug|Any CPU = Debug|Any CPU
		Release|Any CPU = Release|Any CPU
	EndGlobalSection
	GlobalSection(ProjectConfigurationPlatforms) = postSolution
		{6A6DE4BC-CA8A-7A38-4F9F-1BF4AD181178}.Debug|Any CPU.ActiveCfg = Debug|Any CPU
		{6A6DE4BC-CA8A-7A38-4F9F-1BF4AD181178}.Debug|Any CPU.Build.0 = Debug|Any CPU
		{6A6DE4BC-CA8A-7A38-4F9F-1BF4AD181178}.Release|Any CPU.ActiveCfg = Release|Any CPU
		{6A6DE4BC-CA8A-7A38-4F9F-1BF4AD181178}.Release|Any CPU.Build.0 = Release|Any CPU
		{A38BEA4D-2D2B-FA94-541F-FA07F7DD5315}.Debug|Any CPU.ActiveCfg = Debug|Any CPU
		{A38BEA4D-2D2B-FA94-541F-FA07F7DD5315}.Debug|Any CPU.Build.0 = Debug|Any CPU
		{A38BEA4D-2D2B-FA94-541F-FA07F7DD5315}.Release|Any CPU.ActiveCfg = Release|Any CPU
		{A38BEA4D-2D2B-FA94-541F-FA07F7DD5315}.Release|Any CPU.Build.0 = Release|Any CPU
	EndGlobalSection
	GlobalSection(MonoDevelopProperties) = preSolution
		StartupItem = Assembly-CSharp.csproj
	EndGlobalSection
EndGlobal
